// !$*UTF8*$!
{
	archiveVersion = 1;
	classes = {
	};
	objectVersion = 77;
	objects = {

/* Begin PBXBuildFile section */
		009A62D2070BD2E70C3CF096 /* Screen.swift in Sources */ = {isa = PBXBuildFile; fileRef = B6DB3B9DD423CB86B0E66120 /* Screen.swift */; };
		0548D5B887575514335DA1A9 /* DivKitExtensions in Frameworks */ = {isa = PBXBuildFile; productRef = DFF7E6B73952EB7DF1A69F57 /* DivKitExtensions */; };
		0BA176FE39340C09E1E7CC94 /* DocumentLoading.swift in Sources */ = {isa = PBXBuildFile; fileRef = D49D5E4A34AA8AA8847F64CD /* DocumentLoading.swift */; };
		15569029FE9212B928EA4F28 /* DivComponentsFactory.swift in Sources */ = {isa = PBXBuildFile; fileRef = 3E47C3B7AE8B8101874BE77B /* DivComponentsFactory.swift */; };
		15E2C0E7A0A8B6E6CE18AAB2 /* AppPaths.swift in Sources */ = {isa = PBXBuildFile; fileRef = B81E9512F86FE16B8A1457E8 /* AppPaths.swift */; };
		1A24E21195A165465A93A9CB /* UIView+FirstCollectionView.swift in Sources */ = {isa = PBXBuildFile; fileRef = 20D3B94EDB06EE472C4123F5 /* UIView+FirstCollectionView.swift */; };
		20812E4588BBBB9721C2E7F3 /* AppConfig.swift in Sources */ = {isa = PBXBuildFile; fileRef = 86A3CDAE3ECB6375CB0C5B8A /* AppConfig.swift */; };
		2F16B6A401EB45CCEDACF876 /* WeatherRefetchTests.swift in Sources */ = {isa = PBXBuildFile; fileRef = B2BAB1CC5B9FACDD787986F0 /* WeatherRefetchTests.swift */; };
		3CB5077D24BB5DBA0E4287BC /* WeatherUrlHandler.swift in Sources */ = {isa = PBXBuildFile; fileRef = 981F9CA71E728539DEF57FA1 /* WeatherUrlHandler.swift */; };
		40FE0A4A6CA15B99A6A42BCA /* Brightness.swift in Sources */ = {isa = PBXBuildFile; fileRef = 7785FC64B13A7946AFE6EB90 /* Brightness.swift */; };
		4248414EF064ADC0D899FEED /* LoggingDivReporter.swift in Sources */ = {isa = PBXBuildFile; fileRef = B9F36255E18CA451A5CA6EAE /* LoggingDivReporter.swift */; };
		4292451D92BD0C7D41F34B99 /* DomainState.swift in Sources */ = {isa = PBXBuildFile; fileRef = A414D8B036E47259E874EFB4 /* DomainState.swift */; };
		4E708A5808A9C7609A06639A /* DivUITest.swift in Sources */ = {isa = PBXBuildFile; fileRef = 81D47DA85CE57B9B6FD0C354 /* DivUITest.swift */; };
		556BC037FFFBF95AC50B1EA6 /* DocumentLoaderError.swift in Sources */ = {isa = PBXBuildFile; fileRef = 63B4B318F016A087019E09AE /* DocumentLoaderError.swift */; };
		5FC41C5182760FE108578F04 /* CitySearchPatchAdapter.swift in Sources */ = {isa = PBXBuildFile; fileRef = 048929DC04E04D59E7F7C370 /* CitySearchPatchAdapter.swift */; };
		657B2CF125AC74A36EFF1AE7 /* AdapterGoldenTests.swift in Sources */ = {isa = PBXBuildFile; fileRef = F853714B75000983946F7D92 /* AdapterGoldenTests.swift */; };
		691AA2E4F234F60AD88E0008 /* HostActions.swift in Sources */ = {isa = PBXBuildFile; fileRef = 22902353E366ADB72962309B /* HostActions.swift */; };
		6D8D2246271F246C2A99E69E /* Persistence.swift in Sources */ = {isa = PBXBuildFile; fileRef = 02829D394922923019ED2D44 /* Persistence.swift */; };
		72977885187BEB04DF700CD6 /* SunPhaseCustomBlockFactory.swift in Sources */ = {isa = PBXBuildFile; fileRef = 4C7309DEF92E6D071C3413C0 /* SunPhaseCustomBlockFactory.swift */; };
		77266A09D742EFA8BDD908DD /* SmokeTests.swift in Sources */ = {isa = PBXBuildFile; fileRef = 425D6C43CC9C1917C67F7700 /* SmokeTests.swift */; };
		7916CB641852769DF5669A4D /* Log.swift in Sources */ = {isa = PBXBuildFile; fileRef = F3AD0668C0C77987146FDD64 /* Log.swift */; };
		7DA88D2ACCB6082C76A64B97 /* WeatherOfflineTests.swift in Sources */ = {isa = PBXBuildFile; fileRef = 25330EBC80B30A28A8A361A3 /* WeatherOfflineTests.swift */; };
		844F46D258A7C70DD7ADFA58 /* DocumentBundle.swift in Sources */ = {isa = PBXBuildFile; fileRef = 79E6E9A5A72F798D04D89EA5 /* DocumentBundle.swift */; };
		93EB80BF21C0221526EB4B6A /* DivKit in Frameworks */ = {isa = PBXBuildFile; productRef = F8EFBF67AD49B4B58F2BF95B /* DivKit */; };
		945949E05C6C1837C12EE139 /* WeatherUiTests.swift in Sources */ = {isa = PBXBuildFile; fileRef = C5A3432907DC78A724AB2825 /* WeatherUiTests.swift */; };
		951517EC081B708429A7C82F /* SunPhaseView.swift in Sources */ = {isa = PBXBuildFile; fileRef = 66D1E5FB24429AD1242E51D0 /* SunPhaseView.swift */; };
		A1EAAB24964BBF037812FE56 /* RecordingBackend.swift in Sources */ = {isa = PBXBuildFile; fileRef = DCD213FD65F6ED1415A7F01C /* RecordingBackend.swift */; };
		A871976EA503F36D0BAFE654 /* ScrollStateExtensionHandler.swift in Sources */ = {isa = PBXBuildFile; fileRef = 9B0D7A4ABA48E5897F3D5062 /* ScrollStateExtensionHandler.swift */; };
		AD76CE966F578A7385D65443 /* AppDelegate.swift in Sources */ = {isa = PBXBuildFile; fileRef = C4584055A66642A142887E29 /* AppDelegate.swift */; };
		B8951215B4DF937F83D2A47B /* GlobalVariables.swift in Sources */ = {isa = PBXBuildFile; fileRef = 4D1861B0BB4E8717D584B731 /* GlobalVariables.swift */; };
		B932FD2CA503BC6643119FCE /* zero_ru.json in Resources */ = {isa = PBXBuildFile; fileRef = B47D2F058F0DD24E789FC5A8 /* zero_ru.json */; };
		CC12E338AB189349355F0E50 /* DocumentEnvelopeAdapter.swift in Sources */ = {isa = PBXBuildFile; fileRef = 890E1CEEFE427C558B229D10 /* DocumentEnvelopeAdapter.swift */; };
		D69F31CEBF9022279C721F43 /* WeatherHostViewController.swift in Sources */ = {isa = PBXBuildFile; fileRef = CC6E8F1132CA34C5C4F762AB /* WeatherHostViewController.swift */; };
		DEAADF01D27B03566DC60F1A /* IOSDivKitJsonAdapter.swift in Sources */ = {isa = PBXBuildFile; fileRef = 9314C6789CC8243D10E380A8 /* IOSDivKitJsonAdapter.swift */; };
		E7A3F7F3B39B71B736BC3AB0 /* DocumentLoader.swift in Sources */ = {isa = PBXBuildFile; fileRef = 7EEA82A807CD1A005C9BD058 /* DocumentLoader.swift */; };
		F22715501C4C34E9F1BCE15D /* BaseUITest.swift in Sources */ = {isa = PBXBuildFile; fileRef = A0A36009BF9289D6BB291896 /* BaseUITest.swift */; };
/* End PBXBuildFile section */

/* Begin PBXContainerItemProxy section */
		D3A801594A4A999A8BB97CF6 /* PBXContainerItemProxy */ = {
			isa = PBXContainerItemProxy;
			containerPortal = 94C7328D1A9838B482863CD8 /* Project object */;
			proxyType = 1;
			remoteGlobalIDString = FD9E4DDF1E709BAC8163DE58;
			remoteInfo = WeatherDivKit;
		};
		EADE1B135D9A4FD90F549B7D /* PBXContainerItemProxy */ = {
			isa = PBXContainerItemProxy;
			containerPortal = 94C7328D1A9838B482863CD8 /* Project object */;
			proxyType = 1;
			remoteGlobalIDString = FD9E4DDF1E709BAC8163DE58;
			remoteInfo = WeatherDivKit;
		};
/* End PBXContainerItemProxy section */

/* Begin PBXFileReference section */
		02829D394922923019ED2D44 /* Persistence.swift */ = {isa = PBXFileReference; lastKnownFileType = sourcecode.swift; path = Persistence.swift; sourceTree = "<group>"; };
		048929DC04E04D59E7F7C370 /* CitySearchPatchAdapter.swift */ = {isa = PBXFileReference; lastKnownFileType = sourcecode.swift; path = CitySearchPatchAdapter.swift; sourceTree = "<group>"; };
		20D3B94EDB06EE472C4123F5 /* UIView+FirstCollectionView.swift */ = {isa = PBXFileReference; lastKnownFileType = sourcecode.swift; path = "UIView+FirstCollectionView.swift"; sourceTree = "<group>"; };
		22902353E366ADB72962309B /* HostActions.swift */ = {isa = PBXFileReference; lastKnownFileType = sourcecode.swift; path = HostActions.swift; sourceTree = "<group>"; };
		25330EBC80B30A28A8A361A3 /* WeatherOfflineTests.swift */ = {isa = PBXFileReference; lastKnownFileType = sourcecode.swift; path = WeatherOfflineTests.swift; sourceTree = "<group>"; };
		3E47C3B7AE8B8101874BE77B /* DivComponentsFactory.swift */ = {isa = PBXFileReference; lastKnownFileType = sourcecode.swift; path = DivComponentsFactory.swift; sourceTree = "<group>"; };
		425D6C43CC9C1917C67F7700 /* SmokeTests.swift */ = {isa = PBXFileReference; lastKnownFileType = sourcecode.swift; path = SmokeTests.swift; sourceTree = "<group>"; };
		4C7309DEF92E6D071C3413C0 /* SunPhaseCustomBlockFactory.swift */ = {isa = PBXFileReference; lastKnownFileType = sourcecode.swift; path = SunPhaseCustomBlockFactory.swift; sourceTree = "<group>"; };
		4D1861B0BB4E8717D584B731 /* GlobalVariables.swift */ = {isa = PBXFileReference; lastKnownFileType = sourcecode.swift; path = GlobalVariables.swift; sourceTree = "<group>"; };
		5794B70BD4FBF2FBD2101BBF /* WeatherDivKitUnitTests.xctest */ = {isa = PBXFileReference; includeInIndex = 0; lastKnownFileType = wrapper.cfbundle; path = WeatherDivKitUnitTests.xctest; sourceTree = BUILT_PRODUCTS_DIR; };
		63B4B318F016A087019E09AE /* DocumentLoaderError.swift */ = {isa = PBXFileReference; lastKnownFileType = sourcecode.swift; path = DocumentLoaderError.swift; sourceTree = "<group>"; };
		66D1E5FB24429AD1242E51D0 /* SunPhaseView.swift */ = {isa = PBXFileReference; lastKnownFileType = sourcecode.swift; path = SunPhaseView.swift; sourceTree = "<group>"; };
		7785FC64B13A7946AFE6EB90 /* Brightness.swift */ = {isa = PBXFileReference; lastKnownFileType = sourcecode.swift; path = Brightness.swift; sourceTree = "<group>"; };
		79E6E9A5A72F798D04D89EA5 /* DocumentBundle.swift */ = {isa = PBXFileReference; lastKnownFileType = sourcecode.swift; path = DocumentBundle.swift; sourceTree = "<group>"; };
		7EEA82A807CD1A005C9BD058 /* DocumentLoader.swift */ = {isa = PBXFileReference; lastKnownFileType = sourcecode.swift; path = DocumentLoader.swift; sourceTree = "<group>"; };
		81D47DA85CE57B9B6FD0C354 /* DivUITest.swift */ = {isa = PBXFileReference; lastKnownFileType = sourcecode.swift; path = DivUITest.swift; sourceTree = "<group>"; };
		86A3CDAE3ECB6375CB0C5B8A /* AppConfig.swift */ = {isa = PBXFileReference; lastKnownFileType = sourcecode.swift; path = AppConfig.swift; sourceTree = "<group>"; };
		890E1CEEFE427C558B229D10 /* DocumentEnvelopeAdapter.swift */ = {isa = PBXFileReference; lastKnownFileType = sourcecode.swift; path = DocumentEnvelopeAdapter.swift; sourceTree = "<group>"; };
		89B1D5053049BA147DE2020D /* ios */ = {isa = PBXFileReference; lastKnownFileType = folder; name = ios; path = ../../divkit_source/divkit/client/ios; sourceTree = SOURCE_ROOT; };
		9314C6789CC8243D10E380A8 /* IOSDivKitJsonAdapter.swift */ = {isa = PBXFileReference; lastKnownFileType = sourcecode.swift; path = IOSDivKitJsonAdapter.swift; sourceTree = "<group>"; };
		981F9CA71E728539DEF57FA1 /* WeatherUrlHandler.swift */ = {isa = PBXFileReference; lastKnownFileType = sourcecode.swift; path = WeatherUrlHandler.swift; sourceTree = "<group>"; };
		9B0D7A4ABA48E5897F3D5062 /* ScrollStateExtensionHandler.swift */ = {isa = PBXFileReference; lastKnownFileType = sourcecode.swift; path = ScrollStateExtensionHandler.swift; sourceTree = "<group>"; };
		9F1242F2F4770BDA235E3041 /* WeatherDivKitUITests.xctest */ = {isa = PBXFileReference; includeInIndex = 0; lastKnownFileType = wrapper.cfbundle; path = WeatherDivKitUITests.xctest; sourceTree = BUILT_PRODUCTS_DIR; };
		A0A36009BF9289D6BB291896 /* BaseUITest.swift */ = {isa = PBXFileReference; lastKnownFileType = sourcecode.swift; path = BaseUITest.swift; sourceTree = "<group>"; };
		A414D8B036E47259E874EFB4 /* DomainState.swift */ = {isa = PBXFileReference; lastKnownFileType = sourcecode.swift; path = DomainState.swift; sourceTree = "<group>"; };
		B15E550DD17BC7AE789BC3BA /* Info.plist */ = {isa = PBXFileReference; lastKnownFileType = text.plist; path = Info.plist; sourceTree = "<group>"; };
		B2BAB1CC5B9FACDD787986F0 /* WeatherRefetchTests.swift */ = {isa = PBXFileReference; lastKnownFileType = sourcecode.swift; path = WeatherRefetchTests.swift; sourceTree = "<group>"; };
		B47D2F058F0DD24E789FC5A8 /* zero_ru.json */ = {isa = PBXFileReference; lastKnownFileType = text.json; path = zero_ru.json; sourceTree = "<group>"; };
		B6DB3B9DD423CB86B0E66120 /* Screen.swift */ = {isa = PBXFileReference; lastKnownFileType = sourcecode.swift; path = Screen.swift; sourceTree = "<group>"; };
		B81E9512F86FE16B8A1457E8 /* AppPaths.swift */ = {isa = PBXFileReference; lastKnownFileType = sourcecode.swift; path = AppPaths.swift; sourceTree = "<group>"; };
		B9F36255E18CA451A5CA6EAE /* LoggingDivReporter.swift */ = {isa = PBXFileReference; lastKnownFileType = sourcecode.swift; path = LoggingDivReporter.swift; sourceTree = "<group>"; };
		C4584055A66642A142887E29 /* AppDelegate.swift */ = {isa = PBXFileReference; lastKnownFileType = sourcecode.swift; path = AppDelegate.swift; sourceTree = "<group>"; };
		C5A3432907DC78A724AB2825 /* WeatherUiTests.swift */ = {isa = PBXFileReference; lastKnownFileType = sourcecode.swift; path = WeatherUiTests.swift; sourceTree = "<group>"; };
		CC6E8F1132CA34C5C4F762AB /* WeatherHostViewController.swift */ = {isa = PBXFileReference; lastKnownFileType = sourcecode.swift; path = WeatherHostViewController.swift; sourceTree = "<group>"; };
		D49D5E4A34AA8AA8847F64CD /* DocumentLoading.swift */ = {isa = PBXFileReference; lastKnownFileType = sourcecode.swift; path = DocumentLoading.swift; sourceTree = "<group>"; };
		DCD213FD65F6ED1415A7F01C /* RecordingBackend.swift */ = {isa = PBXFileReference; lastKnownFileType = sourcecode.swift; path = RecordingBackend.swift; sourceTree = "<group>"; };
		E556600AD196F82E0BE5C7CA /* WeatherDivKit.app */ = {isa = PBXFileReference; includeInIndex = 0; lastKnownFileType = wrapper.application; path = WeatherDivKit.app; sourceTree = BUILT_PRODUCTS_DIR; };
		F3AD0668C0C77987146FDD64 /* Log.swift */ = {isa = PBXFileReference; lastKnownFileType = sourcecode.swift; path = Log.swift; sourceTree = "<group>"; };
		F853714B75000983946F7D92 /* AdapterGoldenTests.swift */ = {isa = PBXFileReference; lastKnownFileType = sourcecode.swift; path = AdapterGoldenTests.swift; sourceTree = "<group>"; };
/* End PBXFileReference section */

/* Begin PBXFrameworksBuildPhase section */
		987F74DF5CAF0F7AD766A75A /* Frameworks */ = {
			isa = PBXFrameworksBuildPhase;
			buildActionMask = 2147483647;
			files = (
				93EB80BF21C0221526EB4B6A /* DivKit in Frameworks */,
				0548D5B887575514335DA1A9 /* DivKitExtensions in Frameworks */,
			);
			runOnlyForDeploymentPostprocessing = 0;
		};
/* End PBXFrameworksBuildPhase section */

/* Begin PBXGroup section */
		0971E5F0430F02AB083566C7 /* Packages */ = {
			isa = PBXGroup;
			children = (
				89B1D5053049BA147DE2020D /* ios */,
			);
			name = Packages;
			sourceTree = "<group>";
		};
		16A0CA9EE49993865C8B7E8B /* Presentation */ = {
			isa = PBXGroup;
			children = (
				CC6E8F1132CA34C5C4F762AB /* WeatherHostViewController.swift */,
			);
			path = Presentation;
			sourceTree = "<group>";
		};
		1836E27DB0DE97A458D17EDC /* Adapters */ = {
			isa = PBXGroup;
			children = (
				048929DC04E04D59E7F7C370 /* CitySearchPatchAdapter.swift */,
				890E1CEEFE427C558B229D10 /* DocumentEnvelopeAdapter.swift */,
				9314C6789CC8243D10E380A8 /* IOSDivKitJsonAdapter.swift */,
			);
			path = Adapters;
			sourceTree = "<group>";
		};
		1A2E198F862369B12229DE71 /* Products */ = {
			isa = PBXGroup;
			children = (
				E556600AD196F82E0BE5C7CA /* WeatherDivKit.app */,
				9F1242F2F4770BDA235E3041 /* WeatherDivKitUITests.xctest */,
				5794B70BD4FBF2FBD2101BBF /* WeatherDivKitUnitTests.xctest */,
			);
			name = Products;
			sourceTree = "<group>";
		};
		35E1A6F81FCE821BA808781D /* Config */ = {
			isa = PBXGroup;
			children = (
				86A3CDAE3ECB6375CB0C5B8A /* AppConfig.swift */,
				02829D394922923019ED2D44 /* Persistence.swift */,
			);
			path = Config;
			sourceTree = "<group>";
		};
		49BA064F58DCB85F05B107B7 /* Data */ = {
			isa = PBXGroup;
			children = (
				7EEA82A807CD1A005C9BD058 /* DocumentLoader.swift */,
				D49D5E4A34AA8AA8847F64CD /* DocumentLoading.swift */,
				1836E27DB0DE97A458D17EDC /* Adapters */,
				F7E20E035542263ACFCD36A5 /* Models */,
			);
			path = Data;
			sourceTree = "<group>";
		};
		4C6802927AFF28E9F7F94924 /* Utils */ = {
			isa = PBXGroup;
			children = (
				B81E9512F86FE16B8A1457E8 /* AppPaths.swift */,
				A414D8B036E47259E874EFB4 /* DomainState.swift */,
				F3AD0668C0C77987146FDD64 /* Log.swift */,
				20D3B94EDB06EE472C4123F5 /* UIView+FirstCollectionView.swift */,
			);
			path = Utils;
			sourceTree = "<group>";
		};
		53637ECDCC75EDE5DDA1A84F /* WeatherDivKitUnitTests */ = {
			isa = PBXGroup;
			children = (
				F853714B75000983946F7D92 /* AdapterGoldenTests.swift */,
			);
			path = WeatherDivKitUnitTests;
			sourceTree = "<group>";
		};
		5E42B7D60036FD2948E44144 /* App */ = {
			isa = PBXGroup;
			children = (
				C4584055A66642A142887E29 /* AppDelegate.swift */,
				B15E550DD17BC7AE789BC3BA /* Info.plist */,
			);
			path = App;
			sourceTree = "<group>";
		};
		77035F9D79012AE4EA3A0E2C /* Resources */ = {
			isa = PBXGroup;
			children = (
				B47D2F058F0DD24E789FC5A8 /* zero_ru.json */,
			);
			path = Resources;
			sourceTree = "<group>";
		};
		BAD926260C33CE0EFA641F8C /* WeatherDivKitUITests */ = {
			isa = PBXGroup;
			children = (
				A0A36009BF9289D6BB291896 /* BaseUITest.swift */,
				7785FC64B13A7946AFE6EB90 /* Brightness.swift */,
				81D47DA85CE57B9B6FD0C354 /* DivUITest.swift */,
				DCD213FD65F6ED1415A7F01C /* RecordingBackend.swift */,
				425D6C43CC9C1917C67F7700 /* SmokeTests.swift */,
				25330EBC80B30A28A8A361A3 /* WeatherOfflineTests.swift */,
				B2BAB1CC5B9FACDD787986F0 /* WeatherRefetchTests.swift */,
				C5A3432907DC78A724AB2825 /* WeatherUiTests.swift */,
			);
			path = WeatherDivKitUITests;
			sourceTree = "<group>";
		};
		CCF12680C91631E40A4704A0 /* DivKitHost */ = {
			isa = PBXGroup;
			children = (
				3E47C3B7AE8B8101874BE77B /* DivComponentsFactory.swift */,
				4D1861B0BB4E8717D584B731 /* GlobalVariables.swift */,
				22902353E366ADB72962309B /* HostActions.swift */,
				B9F36255E18CA451A5CA6EAE /* LoggingDivReporter.swift */,
				981F9CA71E728539DEF57FA1 /* WeatherUrlHandler.swift */,
				F13D52E7405BC52191129077 /* CustomBlocks */,
				FD522724A76545F0466F4EFB /* ExtensionHandlers */,
			);
			path = DivKitHost;
			sourceTree = "<group>";
		};
		E2AC1E2561AEC5FA28BC4A45 = {
			isa = PBXGroup;
			children = (
				0971E5F0430F02AB083566C7 /* Packages */,
				FAB73F630CDCF4026E492442 /* WeatherDivKit */,
				BAD926260C33CE0EFA641F8C /* WeatherDivKitUITests */,
				53637ECDCC75EDE5DDA1A84F /* WeatherDivKitUnitTests */,
				1A2E198F862369B12229DE71 /* Products */,
			);
			sourceTree = "<group>";
		};
		F13D52E7405BC52191129077 /* CustomBlocks */ = {
			isa = PBXGroup;
			children = (
				4C7309DEF92E6D071C3413C0 /* SunPhaseCustomBlockFactory.swift */,
				66D1E5FB24429AD1242E51D0 /* SunPhaseView.swift */,
			);
			path = CustomBlocks;
			sourceTree = "<group>";
		};
		F7E20E035542263ACFCD36A5 /* Models */ = {
			isa = PBXGroup;
			children = (
				79E6E9A5A72F798D04D89EA5 /* DocumentBundle.swift */,
				63B4B318F016A087019E09AE /* DocumentLoaderError.swift */,
				B6DB3B9DD423CB86B0E66120 /* Screen.swift */,
			);
			path = Models;
			sourceTree = "<group>";
		};
		FAB73F630CDCF4026E492442 /* WeatherDivKit */ = {
			isa = PBXGroup;
			children = (
				5E42B7D60036FD2948E44144 /* App */,
				35E1A6F81FCE821BA808781D /* Config */,
				49BA064F58DCB85F05B107B7 /* Data */,
				CCF12680C91631E40A4704A0 /* DivKitHost */,
				16A0CA9EE49993865C8B7E8B /* Presentation */,
				77035F9D79012AE4EA3A0E2C /* Resources */,
				4C6802927AFF28E9F7F94924 /* Utils */,
			);
			path = WeatherDivKit;
			sourceTree = "<group>";
		};
		FD522724A76545F0466F4EFB /* ExtensionHandlers */ = {
			isa = PBXGroup;
			children = (
				9B0D7A4ABA48E5897F3D5062 /* ScrollStateExtensionHandler.swift */,
			);
			path = ExtensionHandlers;
			sourceTree = "<group>";
		};
/* End PBXGroup section */

/* Begin PBXNativeTarget section */
		4679C7B16310119F78410C1B /* WeatherDivKitUITests */ = {
			isa = PBXNativeTarget;
			buildConfigurationList = BEE7DBC3B37CAD2B5936A2B3 /* Build configuration list for PBXNativeTarget "WeatherDivKitUITests" */;
			buildPhases = (
				210CB2B0659906E56DC77588 /* Sources */,
			);
			buildRules = (
			);
			dependencies = (
				4EDD9B12401E8E484882646F /* PBXTargetDependency */,
			);
			name = WeatherDivKitUITests;
			packageProductDependencies = (
			);
			productName = WeatherDivKitUITests;
			productReference = 9F1242F2F4770BDA235E3041 /* WeatherDivKitUITests.xctest */;
			productType = "com.apple.product-type.bundle.ui-testing";
		};
		B37558D14E7680BA694A2C0E /* WeatherDivKitUnitTests */ = {
			isa = PBXNativeTarget;
			buildConfigurationList = 6B08A92800D4D4FD4D7FFDFB /* Build configuration list for PBXNativeTarget "WeatherDivKitUnitTests" */;
			buildPhases = (
				274C3AFF2CB9E51EAC4FB5BE /* Sources */,
			);
			buildRules = (
			);
			dependencies = (
				AA926FB0B479119CDD31559E /* PBXTargetDependency */,
			);
			name = WeatherDivKitUnitTests;
			packageProductDependencies = (
			);
			productName = WeatherDivKitUnitTests;
			productReference = 5794B70BD4FBF2FBD2101BBF /* WeatherDivKitUnitTests.xctest */;
			productType = "com.apple.product-type.bundle.unit-test";
		};
		FD9E4DDF1E709BAC8163DE58 /* WeatherDivKit */ = {
			isa = PBXNativeTarget;
			buildConfigurationList = 28F7CA607ACCC026CF57355B /* Build configuration list for PBXNativeTarget "WeatherDivKit" */;
			buildPhases = (
				B0FF8D248C141F3BC222C9CF /* Sources */,
				5433DC0C9FF0C7FD285D1C3C /* Resources */,
				987F74DF5CAF0F7AD766A75A /* Frameworks */,
			);
			buildRules = (
			);
			dependencies = (
			);
			name = WeatherDivKit;
			packageProductDependencies = (
				F8EFBF67AD49B4B58F2BF95B /* DivKit */,
				DFF7E6B73952EB7DF1A69F57 /* DivKitExtensions */,
			);
			productName = WeatherDivKit;
			productReference = E556600AD196F82E0BE5C7CA /* WeatherDivKit.app */;
			productType = "com.apple.product-type.application";
		};
/* End PBXNativeTarget section */

/* Begin PBXProject section */
		94C7328D1A9838B482863CD8 /* Project object */ = {
			isa = PBXProject;
			attributes = {
				BuildIndependentTargetsInParallel = YES;
				LastUpgradeCheck = 1430;
				TargetAttributes = {
					4679C7B16310119F78410C1B = {
						TestTargetID = FD9E4DDF1E709BAC8163DE58;
					};
				};
			};
			buildConfigurationList = 7786C38180E1E78AEFC0D41B /* Build configuration list for PBXProject "WeatherDivKit" */;
			developmentRegion = en;
			hasScannedForEncodings = 0;
			knownRegions = (
				Base,
				en,
			);
			mainGroup = E2AC1E2561AEC5FA28BC4A45;
			minimizedProjectReferenceProxies = 1;
			packageReferences = (
				F2D8A123E9F3531605C83DF4 /* XCLocalSwiftPackageReference "/Users/the-leo/divkit_source/divkit/client/ios" */,
			);
			preferredProjectObjectVersion = 77;
			productRefGroup = 1A2E198F862369B12229DE71 /* Products */;
			projectDirPath = "";
			projectRoot = "";
			targets = (
				FD9E4DDF1E709BAC8163DE58 /* WeatherDivKit */,
				4679C7B16310119F78410C1B /* WeatherDivKitUITests */,
				B37558D14E7680BA694A2C0E /* WeatherDivKitUnitTests */,
			);
		};
/* End PBXProject section */

/* Begin PBXResourcesBuildPhase section */
		5433DC0C9FF0C7FD285D1C3C /* Resources */ = {
			isa = PBXResourcesBuildPhase;
			buildActionMask = 2147483647;
			files = (
				B932FD2CA503BC6643119FCE /* zero_ru.json in Resources */,
			);
			runOnlyForDeploymentPostprocessing = 0;
		};
/* End PBXResourcesBuildPhase section */

/* Begin PBXSourcesBuildPhase section */
		210CB2B0659906E56DC77588 /* Sources */ = {
			isa = PBXSourcesBuildPhase;
			buildActionMask = 2147483647;
			files = (
				F22715501C4C34E9F1BCE15D /* BaseUITest.swift in Sources */,
				40FE0A4A6CA15B99A6A42BCA /* Brightness.swift in Sources */,
				4E708A5808A9C7609A06639A /* DivUITest.swift in Sources */,
				A1EAAB24964BBF037812FE56 /* RecordingBackend.swift in Sources */,
				77266A09D742EFA8BDD908DD /* SmokeTests.swift in Sources */,
				7DA88D2ACCB6082C76A64B97 /* WeatherOfflineTests.swift in Sources */,
				2F16B6A401EB45CCEDACF876 /* WeatherRefetchTests.swift in Sources */,
				945949E05C6C1837C12EE139 /* WeatherUiTests.swift in Sources */,
			);
			runOnlyForDeploymentPostprocessing = 0;
		};
		274C3AFF2CB9E51EAC4FB5BE /* Sources */ = {
			isa = PBXSourcesBuildPhase;
			buildActionMask = 2147483647;
			files = (
				657B2CF125AC74A36EFF1AE7 /* AdapterGoldenTests.swift in Sources */,
			);
			runOnlyForDeploymentPostprocessing = 0;
		};
		B0FF8D248C141F3BC222C9CF /* Sources */ = {
			isa = PBXSourcesBuildPhase;
			buildActionMask = 2147483647;
			files = (
				20812E4588BBBB9721C2E7F3 /* AppConfig.swift in Sources */,
				AD76CE966F578A7385D65443 /* AppDelegate.swift in Sources */,
				15E2C0E7A0A8B6E6CE18AAB2 /* AppPaths.swift in Sources */,
				5FC41C5182760FE108578F04 /* CitySearchPatchAdapter.swift in Sources */,
				15569029FE9212B928EA4F28 /* DivComponentsFactory.swift in Sources */,
				844F46D258A7C70DD7ADFA58 /* DocumentBundle.swift in Sources */,
				CC12E338AB189349355F0E50 /* DocumentEnvelopeAdapter.swift in Sources */,
				E7A3F7F3B39B71B736BC3AB0 /* DocumentLoader.swift in Sources */,
				556BC037FFFBF95AC50B1EA6 /* DocumentLoaderError.swift in Sources */,
				0BA176FE39340C09E1E7CC94 /* DocumentLoading.swift in Sources */,
				4292451D92BD0C7D41F34B99 /* DomainState.swift in Sources */,
				B8951215B4DF937F83D2A47B /* GlobalVariables.swift in Sources */,
				691AA2E4F234F60AD88E0008 /* HostActions.swift in Sources */,
				DEAADF01D27B03566DC60F1A /* IOSDivKitJsonAdapter.swift in Sources */,
				7916CB641852769DF5669A4D /* Log.swift in Sources */,
				4248414EF064ADC0D899FEED /* LoggingDivReporter.swift in Sources */,
				6D8D2246271F246C2A99E69E /* Persistence.swift in Sources */,
				009A62D2070BD2E70C3CF096 /* Screen.swift in Sources */,
				A871976EA503F36D0BAFE654 /* ScrollStateExtensionHandler.swift in Sources */,
				72977885187BEB04DF700CD6 /* SunPhaseCustomBlockFactory.swift in Sources */,
				951517EC081B708429A7C82F /* SunPhaseView.swift in Sources */,
				1A24E21195A165465A93A9CB /* UIView+FirstCollectionView.swift in Sources */,
				D69F31CEBF9022279C721F43 /* WeatherHostViewController.swift in Sources */,
				3CB5077D24BB5DBA0E4287BC /* WeatherUrlHandler.swift in Sources */,
			);
			runOnlyForDeploymentPostprocessing = 0;
		};
/* End PBXSourcesBuildPhase section */

/* Begin PBXTargetDependency section */
		4EDD9B12401E8E484882646F /* PBXTargetDependency */ = {
			isa = PBXTargetDependency;
			target = FD9E4DDF1E709BAC8163DE58 /* WeatherDivKit */;
			targetProxy = D3A801594A4A999A8BB97CF6 /* PBXContainerItemProxy */;
		};
		AA926FB0B479119CDD31559E /* PBXTargetDependency */ = {
			isa = PBXTargetDependency;
			target = FD9E4DDF1E709BAC8163DE58 /* WeatherDivKit */;
			targetProxy = EADE1B135D9A4FD90F549B7D /* PBXContainerItemProxy */;
		};
/* End PBXTargetDependency section */

/* Begin XCBuildConfiguration section */
		296C66C5973B91DC75BF205A /* Debug */ = {
			isa = XCBuildConfiguration;
			buildSettings = {
				ASSETCATALOG_COMPILER_APPICON_NAME = AppIcon;
				CODE_SIGN_IDENTITY = "iPhone Developer";
				INFOPLIST_FILE = WeatherDivKit/App/Info.plist;
				INFOPLIST_KEY_UIApplicationSceneManifest_Generation = NO;
				LD_RUNPATH_SEARCH_PATHS = (
					"$(inherited)",
					"@executable_path/Frameworks",
				);
				PRODUCT_BUNDLE_IDENTIFIER = com.example.weatherdivkit;
				SDKROOT = iphoneos;
				SWIFT_VERSION = 5.9;
				TARGETED_DEVICE_FAMILY = 1;
			};
			name = Debug;
		};
		3EE7034808E44724182139A4 /* Release */ = {
			isa = XCBuildConfiguration;
			buildSettings = {
				ASSETCATALOG_COMPILER_APPICON_NAME = AppIcon;
				CODE_SIGN_IDENTITY = "iPhone Developer";
				INFOPLIST_FILE = WeatherDivKit/App/Info.plist;
				INFOPLIST_KEY_UIApplicationSceneManifest_Generation = NO;
				LD_RUNPATH_SEARCH_PATHS = (
					"$(inherited)",
					"@executable_path/Frameworks",
				);
				PRODUCT_BUNDLE_IDENTIFIER = com.example.weatherdivkit;
				SDKROOT = iphoneos;
				SWIFT_VERSION = 5.9;
				TARGETED_DEVICE_FAMILY = 1;
			};
			name = Release;
		};
		418EE51CF2B80DD478633703 /* Debug */ = {
			isa = XCBuildConfiguration;
			buildSettings = {
				ALWAYS_SEARCH_USER_PATHS = NO;
				CLANG_ANALYZER_NONNULL = YES;
				CLANG_ANALYZER_NUMBER_OBJECT_CONVERSION = YES_AGGRESSIVE;
				CLANG_CXX_LANGUAGE_STANDARD = "gnu++14";
				CLANG_CXX_LIBRARY = "libc++";
				CLANG_ENABLE_MODULES = YES;
				CLANG_ENABLE_OBJC_ARC = YES;
				CLANG_ENABLE_OBJC_WEAK = YES;
				CLANG_WARN_BLOCK_CAPTURE_AUTORELEASING = YES;
				CLANG_WARN_BOOL_CONVERSION = YES;
				CLANG_WARN_COMMA = YES;
				CLANG_WARN_CONSTANT_CONVERSION = YES;
				CLANG_WARN_DEPRECATED_OBJC_IMPLEMENTATIONS = YES;
				CLANG_WARN_DIRECT_OBJC_ISA_USAGE = YES_ERROR;
				CLANG_WARN_DOCUMENTATION_COMMENTS = YES;
				CLANG_WARN_EMPTY_BODY = YES;
				CLANG_WARN_ENUM_CONVERSION = YES;
				CLANG_WARN_INFINITE_RECURSION = YES;
				CLANG_WARN_INT_CONVERSION = YES;
				CLANG_WARN_NON_LITERAL_NULL_CONVERSION = YES;
				CLANG_WARN_OBJC_IMPLICIT_RETAIN_SELF = YES;
				CLANG_WARN_OBJC_LITERAL_CONVERSION = YES;
				CLANG_WARN_OBJC_ROOT_CLASS = YES_ERROR;
				CLANG_WARN_QUOTED_INCLUDE_IN_FRAMEWORK_HEADER = YES;
				CLANG_WARN_RANGE_LOOP_ANALYSIS = YES;
				CLANG_WARN_STRICT_PROTOTYPES = YES;
				CLANG_WARN_SUSPICIOUS_MOVE = YES;
				CLANG_WARN_UNGUARDED_AVAILABILITY = YES_AGGRESSIVE;
				CLANG_WARN_UNREACHABLE_CODE = YES;
				CLANG_WARN__DUPLICATE_METHOD_MATCH = YES;
				COPY_PHASE_STRIP = NO;
				DEBUG_INFORMATION_FORMAT = dwarf;
				ENABLE_STRICT_OBJC_MSGSEND = YES;
				ENABLE_TESTABILITY = YES;
				GCC_C_LANGUAGE_STANDARD = gnu11;
				GCC_DYNAMIC_NO_PIC = NO;
				GCC_NO_COMMON_BLOCKS = YES;
				GCC_OPTIMIZATION_LEVEL = 0;
				GCC_PREPROCESSOR_DEFINITIONS = (
					"$(inherited)",
					"DEBUG=1",
				);
				GCC_WARN_64_TO_32_BIT_CONVERSION = YES;
				GCC_WARN_ABOUT_RETURN_TYPE = YES_ERROR;
				GCC_WARN_UNDECLARED_SELECTOR = YES;
				GCC_WARN_UNINITIALIZED_AUTOS = YES_AGGRESSIVE;
				GCC_WARN_UNUSED_FUNCTION = YES;
				GCC_WARN_UNUSED_VARIABLE = YES;
				IPHONEOS_DEPLOYMENT_TARGET = 15.0;
				MTL_ENABLE_DEBUG_INFO = INCLUDE_SOURCE;
				MTL_FAST_MATH = YES;
				ONLY_ACTIVE_ARCH = YES;
				PRODUCT_NAME = "$(TARGET_NAME)";
				SDKROOT = iphoneos;
				SWIFT_ACTIVE_COMPILATION_CONDITIONS = DEBUG;
				SWIFT_OPTIMIZATION_LEVEL = "-Onone";
				SWIFT_VERSION = 5.0;
			};
			name = Debug;
		};
		4E5B776CD45CBDF5171BF454 /* Debug */ = {
			isa = XCBuildConfiguration;
			buildSettings = {
				BUNDLE_LOADER = "$(TEST_HOST)";
				GENERATE_INFOPLIST_FILE = YES;
				LD_RUNPATH_SEARCH_PATHS = (
					"$(inherited)",
					"@executable_path/Frameworks",
					"@loader_path/Frameworks",
				);
				PRODUCT_BUNDLE_IDENTIFIER = com.example.weatherdivkit.uitests;
				SDKROOT = iphoneos;
				SWIFT_VERSION = 5.9;
				TARGETED_DEVICE_FAMILY = 1;
				TEST_TARGET_NAME = WeatherDivKit;
			};
			name = Debug;
		};
		55155920F667E9D8BDA2646F /* Release */ = {
			isa = XCBuildConfiguration;
			buildSettings = {
				ALWAYS_SEARCH_USER_PATHS = NO;
				CLANG_ANALYZER_NONNULL = YES;
				CLANG_ANALYZER_NUMBER_OBJECT_CONVERSION = YES_AGGRESSIVE;
				CLANG_CXX_LANGUAGE_STANDARD = "gnu++14";
				CLANG_CXX_LIBRARY = "libc++";
				CLANG_ENABLE_MODULES = YES;
				CLANG_ENABLE_OBJC_ARC = YES;
				CLANG_ENABLE_OBJC_WEAK = YES;
				CLANG_WARN_BLOCK_CAPTURE_AUTORELEASING = YES;
				CLANG_WARN_BOOL_CONVERSION = YES;
				CLANG_WARN_COMMA = YES;
				CLANG_WARN_CONSTANT_CONVERSION = YES;
				CLANG_WARN_DEPRECATED_OBJC_IMPLEMENTATIONS = YES;
				CLANG_WARN_DIRECT_OBJC_ISA_USAGE = YES_ERROR;
				CLANG_WARN_DOCUMENTATION_COMMENTS = YES;
				CLANG_WARN_EMPTY_BODY = YES;
				CLANG_WARN_ENUM_CONVERSION = YES;
				CLANG_WARN_INFINITE_RECURSION = YES;
				CLANG_WARN_INT_CONVERSION = YES;
				CLANG_WARN_NON_LITERAL_NULL_CONVERSION = YES;
				CLANG_WARN_OBJC_IMPLICIT_RETAIN_SELF = YES;
				CLANG_WARN_OBJC_LITERAL_CONVERSION = YES;
				CLANG_WARN_OBJC_ROOT_CLASS = YES_ERROR;
				CLANG_WARN_QUOTED_INCLUDE_IN_FRAMEWORK_HEADER = YES;
				CLANG_WARN_RANGE_LOOP_ANALYSIS = YES;
				CLANG_WARN_STRICT_PROTOTYPES = YES;
				CLANG_WARN_SUSPICIOUS_MOVE = YES;
				CLANG_WARN_UNGUARDED_AVAILABILITY = YES_AGGRESSIVE;
				CLANG_WARN_UNREACHABLE_CODE = YES;
				CLANG_WARN__DUPLICATE_METHOD_MATCH = YES;
				COPY_PHASE_STRIP = NO;
				DEBUG_INFORMATION_FORMAT = "dwarf-with-dsym";
				ENABLE_NS_ASSERTIONS = NO;
				ENABLE_STRICT_OBJC_MSGSEND = YES;
				GCC_C_LANGUAGE_STANDARD = gnu11;
				GCC_NO_COMMON_BLOCKS = YES;
				GCC_WARN_64_TO_32_BIT_CONVERSION = YES;
				GCC_WARN_ABOUT_RETURN_TYPE = YES_ERROR;
				GCC_WARN_UNDECLARED_SELECTOR = YES;
				GCC_WARN_UNINITIALIZED_AUTOS = YES_AGGRESSIVE;
				GCC_WARN_UNUSED_FUNCTION = YES;
				GCC_WARN_UNUSED_VARIABLE = YES;
				IPHONEOS_DEPLOYMENT_TARGET = 15.0;
				MTL_ENABLE_DEBUG_INFO = NO;
				MTL_FAST_MATH = YES;
				PRODUCT_NAME = "$(TARGET_NAME)";
				SDKROOT = iphoneos;
				SWIFT_COMPILATION_MODE = wholemodule;
				SWIFT_OPTIMIZATION_LEVEL = "-O";
				SWIFT_VERSION = 5.0;
			};
			name = Release;
		};
		79A78B90221F40FD765FE4C9 /* Release */ = {
			isa = XCBuildConfiguration;
			buildSettings = {
				BUNDLE_LOADER = "$(TEST_HOST)";
				GENERATE_INFOPLIST_FILE = YES;
				LD_RUNPATH_SEARCH_PATHS = (
					"$(inherited)",
					"@executable_path/Frameworks",
					"@loader_path/Frameworks",
				);
				PRODUCT_BUNDLE_IDENTIFIER = com.example.weatherdivkit.uitests;
				SDKROOT = iphoneos;
				SWIFT_VERSION = 5.9;
				TARGETED_DEVICE_FAMILY = 1;
				TEST_TARGET_NAME = WeatherDivKit;
			};
			name = Release;
		};
		7F0E851B5CBC00A6AB0C24CC /* Release */ = {
			isa = XCBuildConfiguration;
			buildSettings = {
				BUNDLE_LOADER = "$(TEST_HOST)";
				GENERATE_INFOPLIST_FILE = YES;
				LD_RUNPATH_SEARCH_PATHS = (
					"$(inherited)",
					"@executable_path/Frameworks",
					"@loader_path/Frameworks",
				);
				PRODUCT_BUNDLE_IDENTIFIER = com.example.weatherdivkit.unittests;
				SDKROOT = iphoneos;
				SWIFT_VERSION = 5.9;
				TARGETED_DEVICE_FAMILY = 1;
				TEST_HOST = "$(BUILT_PRODUCTS_DIR)/WeatherDivKit.app/WeatherDivKit";
			};
			name = Release;
		};
		DA134EB2C835AEA82C9635C5 /* Debug */ = {
			isa = XCBuildConfiguration;
			buildSettings = {
				BUNDLE_LOADER = "$(TEST_HOST)";
				GENERATE_INFOPLIST_FILE = YES;
				LD_RUNPATH_SEARCH_PATHS = (
					"$(inherited)",
					"@executable_path/Frameworks",
					"@loader_path/Frameworks",
				);
				PRODUCT_BUNDLE_IDENTIFIER = com.example.weatherdivkit.unittests;
				SDKROOT = iphoneos;
				SWIFT_VERSION = 5.9;
				TARGETED_DEVICE_FAMILY = 1;
				TEST_HOST = "$(BUILT_PRODUCTS_DIR)/WeatherDivKit.app/WeatherDivKit";
			};
			name = Debug;
		};
/* End XCBuildConfiguration section */

/* Begin XCConfigurationList section */
		28F7CA607ACCC026CF57355B /* Build configuration list for PBXNativeTarget "WeatherDivKit" */ = {
			isa = XCConfigurationList;
			buildConfigurations = (
				296C66C5973B91DC75BF205A /* Debug */,
				3EE7034808E44724182139A4 /* Release */,
			);
			defaultConfigurationIsVisible = 0;
			defaultConfigurationName = Debug;
		};
		6B08A92800D4D4FD4D7FFDFB /* Build configuration list for PBXNativeTarget "WeatherDivKitUnitTests" */ = {
			isa = XCConfigurationList;
			buildConfigurations = (
				DA134EB2C835AEA82C9635C5 /* Debug */,
				7F0E851B5CBC00A6AB0C24CC /* Release */,
			);
			defaultConfigurationIsVisible = 0;
			defaultConfigurationName = Debug;
		};
		7786C38180E1E78AEFC0D41B /* Build configuration list for PBXProject "WeatherDivKit" */ = {
			isa = XCConfigurationList;
			buildConfigurations = (
				418EE51CF2B80DD478633703 /* Debug */,
				55155920F667E9D8BDA2646F /* Release */,
			);
			defaultConfigurationIsVisible = 0;
			defaultConfigurationName = Debug;
		};
		BEE7DBC3B37CAD2B5936A2B3 /* Build configuration list for PBXNativeTarget "WeatherDivKitUITests" */ = {
			isa = XCConfigurationList;
			buildConfigurations = (
				4E5B776CD45CBDF5171BF454 /* Debug */,
				79A78B90221F40FD765FE4C9 /* Release */,
			);
			defaultConfigurationIsVisible = 0;
			defaultConfigurationName = Debug;
		};
/* End XCConfigurationList section */

/* Begin XCLocalSwiftPackageReference section */
		F2D8A123E9F3531605C83DF4 /* XCLocalSwiftPackageReference "/Users/the-leo/divkit_source/divkit/client/ios" */ = {
			isa = XCLocalSwiftPackageReference;
			relativePath = "/Users/the-leo/divkit_source/divkit/client/ios";
		};
/* End XCLocalSwiftPackageReference section */

/* Begin XCSwiftPackageProductDependency section */
		DFF7E6B73952EB7DF1A69F57 /* DivKitExtensions */ = {
			isa = XCSwiftPackageProductDependency;
			productName = DivKitExtensions;
		};
		F8EFBF67AD49B4B58F2BF95B /* DivKit */ = {
			isa = XCSwiftPackageProductDependency;
			productName = DivKit;
		};
/* End XCSwiftPackageProductDependency section */
	};
	rootObject = 94C7328D1A9838B482863CD8 /* Project object */;
}
